// !$*UTF8*$!
{
	archiveVersion = 1;
	classes = {
	};
	objectVersion = 55;
	objects = {

/* Begin PBXBuildFile section */
		EB06CE3E27D3AA4B006BEF84 /* BooKContentView.swift in Sources */ = {isa = PBXBuildFile; fileRef = EB06CE3D27D3AA4B006BEF84 /* BooKContentView.swift */; };
		EB25A82C27D1653E00E763BB /* BookChallengeApp.swift in Sources */ = {isa = PBXBuildFile; fileRef = EB25A82B27D1653E00E763BB /* BookChallengeApp.swift */; };
		EB25A82E27D1653E00E763BB /* BookListView.swift in Sources */ = {isa = PBXBuildFile; fileRef = EB25A82D27D1653E00E763BB /* BookListView.swift */; };
		EB25A83027D1653F00E763BB /* Assets.xcassets in Resources */ = {isa = PBXBuildFile; fileRef = EB25A82F27D1653F00E763BB /* Assets.xcassets */; };
		EB25A83327D1653F00E763BB /* Preview Assets.xcassets in Resources */ = {isa = PBXBuildFile; fileRef = EB25A83227D1653F00E763BB /* Preview Assets.xcassets */; };
		EB25A83F27D165C900E763BB /* Data.json in Resources */ = {isa = PBXBuildFile; fileRef = EB25A83E27D165C900E763BB /* Data.json */; };
		EB25A84127D17DD700E763BB /* Book.swift in Sources */ = {isa = PBXBuildFile; fileRef = EB25A84027D17DD700E763BB /* Book.swift */; };
		EB25A84327D17F6500E763BB /* BookModel.swift in Sources */ = {isa = PBXBuildFile; fileRef = EB25A84227D17F6500E763BB /* BookModel.swift */; };
		EB25A84527D17FD000E763BB /* DataService.swift in Sources */ = {isa = PBXBuildFile; fileRef = EB25A84427D17FD000E763BB /* DataService.swift */; };
		EB25A84727D18D9600E763BB /* Bookview.swift in Sources */ = {isa = PBXBuildFile; fileRef = EB25A84627D18D9600E763BB /* Bookview.swift */; };
		EBACB94E27D28E1000973316 /* BookDetailView.swift in Sources */ = {isa = PBXBuildFile; fileRef = EBACB94D27D28E1000973316 /* BookDetailView.swift */; };
/* End PBXBuildFile section */

/* Begin PBXFileReference section */
		EB06CE3D27D3AA4B006BEF84 /* BooKContentView.swift */ = {isa = PBXFileReference; lastKnownFileType = sourcecode.swift; path = BooKContentView.swift; sourceTree = "<group>"; };
		EB25A82827D1653E00E763BB /* BookChallenge.app */ = {isa = PBXFileReference; explicitFileType = wrapper.application; includeInIndex = 0; path = BookChallenge.app; sourceTree = BUILT_PRODUCTS_DIR; };
		EB25A82B27D1653E00E763BB /* BookChallengeApp.swift */ = {isa = PBXFileReference; lastKnownFileType = sourcecode.swift; path = BookChallengeApp.swift; sourceTree = "<group>"; };
		EB25A82D27D1653E00E763BB /* BookListView.swift */ = {isa = PBXFileReference; lastKnownFileType = sourcecode.swift; path = BookListView.swift; sourceTree = "<group>"; };
		EB25A82F27D1653F00E763BB /* Assets.xcassets */ = {isa = PBXFileReference; lastKnownFileType = folder.assetcatalog; path = Assets.xcassets; sourceTree = "<group>"; };
		EB25A83227D1653F00E763BB /* Preview Assets.xcassets */ = {isa = PBXFileReference; lastKnownFileType = folder.assetcatalog; path = "Preview Assets.xcassets"; sourceTree = "<group>"; };
		EB25A83E27D165C900E763BB /* Data.json */ = {isa = PBXFileReference; fileEncoding = 4; lastKnownFileType = text.json; path = Data.json; sourceTree = "<group>"; };
		EB25A84027D17DD700E763BB /* Book.swift */ = {isa = PBXFileReference; lastKnownFileType = sourcecode.swift; path = Book.swift; sourceTree = "<group>"; };
		EB25A84227D17F6500E763BB /* BookModel.swift */ = {isa = PBXFileReference; lastKnownFileType = sourcecode.swift; path = BookModel.swift; sourceTree = "<group>"; };
		EB25A84427D17FD000E763BB /* DataService.swift */ = {isa = PBXFileReference; lastKnownFileType = sourcecode.swift; path = DataService.swift; sourceTree = "<group>"; };
		EB25A84627D18D9600E763BB /* Bookview.swift */ = {isa = PBXFileReference; lastKnownFileType = sourcecode.swift; path = Bookview.swift; sourceTree = "<group>"; };
		EBACB94D27D28E1000973316 /* BookDetailView.swift */ = {isa = PBXFileReference; lastKnownFileType = sourcecode.swift; path = BookDetailView.swift; sourceTree = "<group>"; };
/* End PBXFileReference section */

/* Begin PBXFrameworksBuildPhase section */
		EB25A82527D1653E00E763BB /* Frameworks */ = {
			isa = PBXFrameworksBuildPhase;
			buildActionMask = 2147483647;
			files = (
			);
			runOnlyForDeploymentPostprocessing = 0;
		};
/* End PBXFrameworksBuildPhase section */

/* Begin PBXGroup section */
		EB25A81F27D1653E00E763BB = {
			isa = PBXGroup;
			children = (
				EB25A82A27D1653E00E763BB /* BookChallenge */,
				EB25A82927D1653E00E763BB /* Products */,
			);
			sourceTree = "<group>";
		};
		EB25A82927D1653E00E763BB /* Products */ = {
			isa = PBXGroup;
			children = (
				EB25A82827D1653E00E763BB /* BookChallenge.app */,
			);
			name = Products;
			sourceTree = "<group>";
		};
		EB25A82A27D1653E00E763BB /* BookChallenge */ = {
			isa = PBXGroup;
			children = (
				EB25A82B27D1653E00E763BB /* BookChallengeApp.swift */,
				EB25A83D27D165A800E763BB /* Services */,
				EB25A83C27D1659E00E763BB /* ViewModels */,
				EB25A83B27D1659600E763BB /* Views */,
				EB25A83A27D1658900E763BB /* Model */,
				EB25A83927D1657B00E763BB /* Data */,
				EB25A82F27D1653F00E763BB /* Assets.xcassets */,
				EB25A83127D1653F00E763BB /* Preview Content */,
			);
			path = BookChallenge;
			sourceTree = "<group>";
		};
		EB25A83127D1653F00E763BB /* Preview Content */ = {
			isa = PBXGroup;
			children = (
				EB25A83227D1653F00E763BB /* Preview Assets.xcassets */,
			);
			path = "Preview Content";
			sourceTree = "<group>";
		};
		EB25A83927D1657B00E763BB /* Data */ = {
			isa = PBXGroup;
			children = (
				EB25A83E27D165C900E763BB /* Data.json */,
			);
			path = Data;
			sourceTree = "<group>";
		};
		EB25A83A27D1658900E763BB /* Model */ = {
			isa = PBXGroup;
			children = (
				EB25A84027D17DD700E763BB /* Book.swift */,
			);
			path = Model;
			sourceTree = "<group>";
		};
		EB25A83B27D1659600E763BB /* Views */ = {
			isa = PBXGroup;
			children = (
				EB25A82D27D1653E00E763BB /* BookListView.swift */,
				EB25A84627D18D9600E763BB /* Bookview.swift */,
				EBACB94D27D28E1000973316 /* BookDetailView.swift */,
				EB06CE3D27D3AA4B006BEF84 /* BooKContentView.swift */,
			);
			path = Views;
			sourceTree = "<group>";
		};
		EB25A83C27D1659E00E763BB /* ViewModels */ = {
			isa = PBXGroup;
			children = (
				EB25A84227D17F6500E763BB /* BookModel.swift */,
			);
			path = ViewModels;
			sourceTree = "<group>";
		};
		EB25A83D27D165A800E763BB /* Services */ = {
			isa = PBXGroup;
			children = (
				EB25A84427D17FD000E763BB /* DataService.swift */,
			);
			path = Services;
			sourceTree = "<group>";
		};
/* End PBXGroup section */

/* Begin PBXNativeTarget section */
		EB25A82727D1653E00E763BB /* BookChallenge */ = {
			isa = PBXNativeTarget;
			buildConfigurationList = EB25A83627D1653F00E763BB /* Build configuration list for PBXNativeTarget "BookChallenge" */;
			buildPhases = (
				EB25A82427D1653E00E763BB /* Sources */,
				EB25A82527D1653E00E763BB /* Frameworks */,
				EB25A82627D1653E00E763BB /* Resources */,
			);
			buildRules = (
			);
			dependencies = (
			);
			name = BookChallenge;
			productName = BookChallenge;
			productReference = EB25A82827D1653E00E763BB /* BookChallenge.app */;
			productType = "com.apple.product-type.application";
		};
/* End PBXNativeTarget section */

/* Begin PBXProject section */
		EB25A82027D1653E00E763BB /* Project object */ = {
			isa = PBXProject;
			attributes = {
				BuildIndependentTargetsInParallel = 1;
				LastSwiftUpdateCheck = 1320;
				LastUpgradeCheck = 1320;
				TargetAttributes = {
					EB25A82727D1653E00E763BB = {
						CreatedOnToolsVersion = 13.2.1;
					};
				};
			};
			buildConfigurationList = EB25A82327D1653E00E763BB /* Build configuration list for PBXProject "BookChallenge" */;
			compatibilityVersion = "Xcode 13.0";
			developmentRegion = en;
			hasScannedForEncodings = 0;
			knownRegions = (
				en,
				Base,
			);
			mainGroup = EB25A81F27D1653E00E763BB;
			productRefGroup = EB25A82927D1653E00E763BB /* Products */;
			projectDirPath = "";
			projectRoot = "";
			targets = (
				EB25A82727D1653E00E763BB /* BookChallenge */,
			);
		};
/* End PBXProject section */

/* Begin PBXResourcesBuildPhase section */
		EB25A82627D1653E00E763BB /* Resources */ = {
			isa = PBXResourcesBuildPhase;
			buildActionMask = 2147483647;
			files = (
				EB25A83327D1653F00E763BB /* Preview Assets.xcassets in Resources */,
				EB25A83027D1653F00E763BB /* Assets.xcassets in Resources */,
				EB25A83F27D165C900E763BB /* Data.json in Resources */,
			);
			runOnlyForDeploymentPostprocessing = 0;
		};
/* End PBXResourcesBuildPhase section */

/* Begin PBXSourcesBuildPhase section */
		EB25A82427D1653E00E763BB /* Sources */ = {
			isa = PBXSourcesBuildPhase;
			buildActionMask = 2147483647;
			files = (
				EB25A82E27D1653E00E763BB /* BookListView.swift in Sources */,
				EB06CE3E27D3AA4B006BEF84 /* BooKContentView.swift in Sources */,
				EB25A84127D17DD700E763BB /* Book.swift in Sources */,
				EB25A84327D17F6500E763BB /* BookModel.swift in Sources */,
				EB25A82C27D1653E00E763BB /* BookChallengeApp.swift in Sources */,
				EB25A84727D18D9600E763BB /* Bookview.swift in Sources */,
				EB25A84527D17FD000E763BB /* DataService.swift in Sources */,
				EBACB94E27D28E1000973316 /* BookDetailView.swift in Sources */,
			);
			runOnlyForDeploymentPostprocessing = 0;
		};
/* End PBXSourcesBuildPhase section */

/* Begin XCBuildConfiguration section */
		EB25A83427D1653F00E763BB /* Debug */ = {
			isa = XCBuildConfiguration;
			buildSettings = {
				ALWAYS_SEARCH_USER_PATHS = NO;
				CLANG_ANALYZER_NONNULL = YES;
				CLANG_ANALYZER_NUMBER_OBJECT_CONVERSION = YES_AGGRESSIVE;
				CLANG_CXX_LANGUAGE_STANDARD = "gnu++17";
				CLANG_CXX_LIBRARY = "libc++";
				CLANG_ENABLE_MODULES = YES;
				CLANG_ENABLE_OBJC_ARC = YES;
				CLANG_ENABLE_OBJC_WEAK = YES;
				CLANG_WARN_BLOCK_CAPTURE_AUTORELEASING = YES;
				CLANG_WARN_BOOL_CONVERSION = YES;
				CLANG_WARN_COMMA = YES;
				CLANG_WARN_CONSTANT_CONVERSION = YES;
				CLANG_WARN_DEPRECATED_OBJC_IMPLEMENTATIONS = YES;
				CLANG_WARN_DIRECT_OBJC_ISA_USAGE = YES_ERROR;
				CLANG_WARN_DOCUMENTATION_COMMENTS = YES;
				CLANG_WARN_EMPTY_BODY = YES;
				CLANG_WARN_ENUM_CONVERSION = YES;
				CLANG_WARN_INFINITE_RECURSION = YES;
				CLANG_WARN_INT_CONVERSION = YES;
				CLANG_WARN_NON_LITERAL_NULL_CONVERSION = YES;
				CLANG_WARN_OBJC_IMPLICIT_RETAIN_SELF = YES;
				CLANG_WARN_OBJC_LITERAL_CONVERSION = YES;
				CLANG_WARN_OBJC_ROOT_CLASS = YES_ERROR;
				CLANG_WARN_QUOTED_INCLUDE_IN_FRAMEWORK_HEADER = YES;
				CLANG_WARN_RANGE_LOOP_ANALYSIS = YES;
				CLANG_WARN_STRICT_PROTOTYPES = YES;
				CLANG_WARN_SUSPICIOUS_MOVE = YES;
				CLANG_WARN_UNGUARDED_AVAILABILITY = YES_AGGRESSIVE;
				CLANG_WARN_UNREACHABLE_CODE = YES;
				CLANG_WARN__DUPLICATE_METHOD_MATCH = YES;
				COPY_PHASE_STRIP = NO;
				DEBUG_INFORMATION_FORMAT = dwarf;
				ENABLE_STRICT_OBJC_MSGSEND = YES;
				ENABLE_TESTABILITY = YES;
				GCC_C_LANGUAGE_STANDARD = gnu11;
				GCC_DYNAMIC_NO_PIC = NO;
				GCC_NO_COMMON_BLOCKS = YES;
				GCC_OPTIMIZATION_LEVEL = 0;
				GCC_PREPROCESSOR_DEFINITIONS = (
					"DEBUG=1",
					"$(inherited)",
				);
				GCC_WARN_64_TO_32_BIT_CONVERSION = YES;
				GCC_WARN_ABOUT_RETURN_TYPE = YES_ERROR;
				GCC_WARN_UNDECLARED_SELECTOR = YES;
				GCC_WARN_UNINITIALIZED_AUTOS = YES_AGGRESSIVE;
				GCC_WARN_UNUSED_FUNCTION = YES;
				GCC_WARN_UNUSED_VARIABLE = YES;
				IPHONEOS_DEPLOYMENT_TARGET = 15.2;
				MTL_ENABLE_DEBUG_INFO = INCLUDE_SOURCE;
				MTL_FAST_MATH = YES;
				ONLY_ACTIVE_ARCH = YES;
				SDKROOT = iphoneos;
				SWIFT_ACTIVE_COMPILATION_CONDITIONS = DEBUG;
				SWIFT_OPTIMIZATION_LEVEL = "-Onone";
			};
			name = Debug;
		};
		EB25A83527D1653F00E763BB /* Release */ = {
			isa = XCBuildConfiguration;
			buildSettings = {
				ALWAYS_SEARCH_USER_PATHS = NO;
				CLANG_ANALYZER_NONNULL = YES;
				CLANG_ANALYZER_NUMBER_OBJECT_CONVERSION = YES_AGGRESSIVE;
				CLANG_CXX_LANGUAGE_STANDARD = "gnu++17";
				CLANG_CXX_LIBRARY = "libc++";
				CLANG_ENABLE_MODULES = YES;
				CLANG_ENABLE_OBJC_ARC = YES;
				CLANG_ENABLE_OBJC_WEAK = YES;
				CLANG_WARN_BLOCK_CAPTURE_AUTORELEASING = YES;
				CLANG_WARN_BOOL_CONVERSION = YES;
				CLANG_WARN_COMMA = YES;
				CLANG_WARN_CONSTANT_CONVERSION = YES;
				CLANG_WARN_DEPRECATED_OBJC_IMPLEMENTATIONS = YES;
				CLANG_WARN_DIRECT_OBJC_ISA_USAGE = YES_ERROR;
				CLANG_WARN_DOCUMENTATION_COMMENTS = YES;
				CLANG_WARN_EMPTY_BODY = YES;
				CLANG_WARN_ENUM_CONVERSION = YES;
				CLANG_WARN_INFINITE_RECURSION = YES;
				CLANG_WARN_INT_CONVERSION = YES;
				CLANG_WARN_NON_LITERAL_NULL_CONVERSION = YES;
				CLANG_WARN_OBJC_IMPLICIT_RETAIN_SELF = YES;
				CLANG_WARN_OBJC_LITERAL_CONVERSION = YES;
				CLANG_WARN_OBJC_ROOT_CLASS = YES_ERROR;
				CLANG_WARN_QUOTED_INCLUDE_IN_FRAMEWORK_HEADER = YES;
				CLANG_WARN_RANGE_LOOP_ANALYSIS = YES;
				CLANG_WARN_STRICT_PROTOTYPES = YES;
				CLANG_WARN_SUSPICIOUS_MOVE = YES;
				CLANG_WARN_UNGUARDED_AVAILABILITY = YES_AGGRESSIVE;
				CLANG_WARN_UNREACHABLE_CODE = YES;
				CLANG_WARN__DUPLICATE_METHOD_MATCH = YES;
				COPY_PHASE_STRIP = NO;
				DEBUG_INFORMATION_FORMAT = "dwarf-with-dsym";
				ENABLE_NS_ASSERTIONS = NO;
				ENABLE_STRICT_OBJC_MSGSEND = YES;
				GCC_C_LANGUAGE_STANDARD = gnu11;
				GCC_NO_COMMON_BLOCKS = YES;
				GCC_WARN_64_TO_32_BIT_CONVERSION = YES;
				GCC_WARN_ABOUT_RETURN_TYPE = YES_ERROR;
				GCC_WARN_UNDECLARED_SELECTOR = YES;
				GCC_WARN_UNINITIALIZED_AUTOS = YES_AGGRESSIVE;
				GCC_WARN_UNUSED_FUNCTION = YES;
				GCC_WARN_UNUSED_VARIABLE = YES;
				IPHONEOS_DEPLOYMENT_TARGET = 15.2;
				MTL_ENABLE_DEBUG_INFO = NO;
				MTL_FAST_MATH = YES;
				SDKROOT = iphoneos;
				SWIFT_COMPILATION_MODE = wholemodule;
				SWIFT_OPTIMIZATION_LEVEL = "-O";
				VALIDATE_PRODUCT = YES;
			};
			name = Release;
		};
		EB25A83727D1653F00E763BB /* Debug */ = {
			isa = XCBuildConfiguration;
			buildSettings = {
				ASSETCATALOG_COMPILER_APPICON_NAME = AppIcon;
				ASSETCATALOG_COMPILER_GLOBAL_ACCENT_COLOR_NAME = AccentColor;
				CODE_SIGN_STYLE = Automatic;
				CURRENT_PROJECT_VERSION = 1;
				DEVELOPMENT_ASSET_PATHS = "\"BookChallenge/Preview Content\"";
				DEVELOPMENT_TEAM = NW6JD2NT7P;
				ENABLE_PREVIEWS = YES;
				GENERATE_INFOPLIST_FILE = YES;
				INFOPLIST_KEY_UIApplicationSceneManifest_Generation = YES;
				INFOPLIST_KEY_UIApplicationSupportsIndirectInputEvents = YES;
				INFOPLIST_KEY_UILaunchScreen_Generation = YES;
				INFOPLIST_KEY_UISupportedInterfaceOrientations_iPad = "UIInterfaceOrientationPortrait UIInterfaceOrientationPortraitUpsideDown UIInterfaceOrientationLandscapeLeft UIInterfaceOrientationLandscapeRight";
				INFOPLIST_KEY_UISupportedInterfaceOrientations_iPhone = "UIInterfaceOrientationPortrait UIInterfaceOrientationLandscapeLeft UIInterfaceOrientationLandscapeRight";
				LD_RUNPATH_SEARCH_PATHS = (
					"$(inherited)",
					"@executable_path/Frameworks",
				);
				MARKETING_VERSION = 1.0;
				PRODUCT_BUNDLE_IDENTIFIER = com.fastpacetransfer.sampletest.BookChallenge;
				PRODUCT_NAME = "$(TARGET_NAME)";
				SWIFT_EMIT_LOC_STRINGS = YES;
				SWIFT_VERSION = 5.0;
				TARGETED_DEVICE_FAMILY = "1,2";
			};
			name = Debug;
		};
		EB25A83827D1653F00E763BB /* Release */ = {
			isa = XCBuildConfiguration;
			buildSettings = {
				ASSETCATALOG_COMPILER_APPICON_NAME = AppIcon;
				ASSETCATALOG_COMPILER_GLOBAL_ACCENT_COLOR_NAME = AccentColor;
				CODE_SIGN_STYLE = Automatic;
				CURRENT_PROJECT_VERSION = 1;
				DEVELOPMENT_ASSET_PATHS = "\"BookChallenge/Preview Content\"";
				DEVELOPMENT_TEAM = NW6JD2NT7P;
				ENABLE_PREVIEWS = YES;
				GENERATE_INFOPLIST_FILE = YES;
				INFOPLIST_KEY_UIApplicationSceneManifest_Generation = YES;
				INFOPLIST_KEY_UIApplicationSupportsIndirectInputEvents = YES;
				INFOPLIST_KEY_UILaunchScreen_Generation = YES;
				INFOPLIST_KEY_UISupportedInterfaceOrientations_iPad = "UIInterfaceOrientationPortrait UIInterfaceOrientationPortraitUpsideDown UIInterfaceOrientationLandscapeLeft UIInterfaceOrientationLandscapeRight";
				INFOPLIST_KEY_UISupportedInterfaceOrientations_iPhone = "UIInterfaceOrientationPortrait UIInterfaceOrientationLandscapeLeft UIInterfaceOrientationLandscapeRight";
				LD_RUNPATH_SEARCH_PATHS = (
					"$(inherited)",
					"@executable_path/Frameworks",
				);
				MARKETING_VERSION = 1.0;
				PRODUCT_BUNDLE_IDENTIFIER = com.fastpacetransfer.sampletest.BookChallenge;
				PRODUCT_NAME = "$(TARGET_NAME)";
				SWIFT_EMIT_LOC_STRINGS = YES;
				SWIFT_VERSION = 5.0;
				TARGETED_DEVICE_FAMILY = "1,2";
			};
			name = Release;
		};
/* End XCBuildConfiguration section */

/* Begin XCConfigurationList section */
		EB25A82327D1653E00E763BB /* Build configuration list for PBXProject "BookChallenge" */ = {
			isa = XCConfigurationList;
			buildConfigurations = (
				EB25A83427D1653F00E763BB /* Debug */,
				EB25A83527D1653F00E763BB /* Release */,
			);
			defaultConfigurationIsVisible = 0;
			defaultConfigurationName = Release;
		};
		EB25A83627D1653F00E763BB /* Build configuration list for PBXNativeTarget "BookChallenge" */ = {
			isa = XCConfigurationList;
			buildConfigurations = (
				EB25A83727D1653F00E763BB /* Debug */,
				EB25A83827D1653F00E763BB /* Release */,
			);
			defaultConfigurationIsVisible = 0;
			defaultConfigurationName = Release;
		};
/* End XCConfigurationList section */
	};
	rootObject = EB25A82027D1653E00E763BB /* Project object */;
}
